
Microsoft Visual Studio Solution File, Format Version 12.00
# Visual Studio Version 16
VisualStudioVersion = 16.0.30503.244
MinimumVisualStudioVersion = 10.0.40219.1
Project("{FAE04EC0-301F-11D3-BF4B-00C04F79EFBC}") = "MediatorConstrainedOpenGenericsSample", "MediatorConstrainedOpenGenericsSample\MediatorConstrainedOpenGenericsSample.csproj", "{7E0E0E0D-C40E-4E1A-B387-C558685E2344}"
EndProject
Global
	GlobalSection(SolutionConfigurationPlatforms) = preSolution
		Debug|Any CPU = Debug|Any CPU
		Release|Any CPU = Release|Any CPU
	EndGlobalSection
	GlobalSection(ProjectConfigurationPlatforms) = postSolution
		{7E0E0E0D-C40E-4E1A-B387-C558685E2344}.Debug|Any CPU.ActiveCfg = Debug|Any CPU
		{7E0E0E0D-C40E-4E1A-B387-C558685E2344}.Debug|Any CPU.Build.0 = Debug|Any CPU
		{7E0E0E0D-C40E-4E1A-B387-C558685E2344}.Release|Any CPU.ActiveCfg = Release|Any CPU
		{7E0E0E0D-C40E-4E1A-B387-C558685E2344}.Release|Any CPU.Build.0 = Release|Any CPU
	EndGlobalSection
	GlobalSection(SolutionProperties) = preSolution
		HideSolutionNode = FALSE
	EndGlobalSection
	GlobalSection(ExtensibilityGlobals) = postSolution
		SolutionGuid = {A24D2042-FC84-4D19-9BFC-D7CA30F37AC1}
	EndGlobalSection
EndGlobal
